{
  "pins" : [
    {
      "identity" : "appauth-ios",
      "kind" : "remoteSourceControl",
      "location" : "https://github.com/openid/AppAuth-iOS.git",
      "state" : {
        "revision" : "71cde449f13d453227e687458144bde372d30fc7",
        "version" : "1.6.2"
      }
    },
    {
      "identity" : "googlesignin-ios",
      "kind" : "remoteSourceControl",
      "location" : "https://github.com/google/GoogleSignIn-iOS/",
      "state" : {
        "revision" : "7932d33686c1dc4d7df7a919aae47361d1cdfda4",
        "version" : "7.0.0"
      }
    },
    {
      "identity" : "gtm-session-fetcher",
      "kind" : "remoteSourceControl",
      "location" : "https://github.com/google/gtm-session-fetcher.git",
      "state" : {
        "revision" : "d415594121c9e8a4f9d79cecee0965cf35e74dbd",
        "version" : "3.1.1"
      }
    },
    {
      "identity" : "gtmappauth",
      "kind" : "remoteSourceControl",
      "location" : "https://github.com/google/GTMAppAuth.git",
      "state" : {
        "revision" : "cee3c709307912d040bd1e06ca919875a92339c6",
        "version" : "2.0.0"
      }
    },
    {
      "identity" : "wwprint",
      "kind" : "remoteSourceControl",
      "location" : "https://github.com/William-Weng/WWPrint.git",
      "state" : {
        "revision" : "6b70fabaa1dbeac95b224384819e231a1220900a",
        "version" : "1.2.0"
      }
    },
    {
      "identity" : "wwsigninwith3rd_apple",
      "kind" : "remoteSourceControl",
      "location" : "https://github.com/William-Weng/WWSignInWith3rd_Apple",
      "state" : {
        "revision" : "7841d0389571f6f3b02610b02411115c3328f865",
        "version" : "1.0.1"
      }
    },
    {
      "identity" : "wwsigninwith3rd_google",
      "kind" : "remoteSourceControl",
      "location" : "https://github.com/William-Weng/WWSignInWith3rd_Google",
      "state" : {
        "branch" : "main",
        "revision" : "718f8c3010571267ea9e9d064c6758bbf78ebfac"
      }
    }
  ],
  "version" : 2
}
